
Microsoft Visual Studio Solution File, Format Version 12.00
# Visual Studio Version 17
VisualStudioVersion = 17.9.34723.18
MinimumVisualStudioVersion = 10.0.40219.1
Project("{FAE04EC0-301F-11D3-BF4B-00C04F79EFBC}") = "DatabaseInitializer", "DatabaseInitializer.csproj", "{02481AE4-D766-4706-BDC0-F5C12BFAB39C}"
EndProject
Global
	GlobalSection(SolutionConfigurationPlatforms) = preSolution
		Debug|Any CPU = Debug|Any CPU
		Release|Any CPU = Release|Any CPU
	EndGlobalSection
	GlobalSection(ProjectConfigurationPlatforms) = postSolution
		{02481AE4-D766-4706-BDC0-F5C12BFAB39C}.Debug|Any CPU.ActiveCfg = Debug|Any CPU
		{02481AE4-D766-4706-BDC0-F5C12BFAB39C}.Debug|Any CPU.Build.0 = Debug|Any CPU
		{02481AE4-D766-4706-BDC0-F5C12BFAB39C}.Release|Any CPU.ActiveCfg = Release|Any CPU
		{02481AE4-D766-4706-BDC0-F5C12BFAB39C}.Release|Any CPU.Build.0 = Release|Any CPU
	EndGlobalSection
	GlobalSection(SolutionProperties) = preSolution
		HideSolutionNode = FALSE
	EndGlobalSection
	GlobalSection(ExtensibilityGlobals) = postSolution
		SolutionGuid = {DEE9B3D4-18F6-4405-B70B-E511B96C7C7D}
	EndGlobalSection
EndGlobal
